
Microsoft Visual Studio Solution File, Format Version 12.00
# Visual Studio Version 17
VisualStudioVersion = 17.1.32407.343
MinimumVisualStudioVersion = 10.0.40219.1
Project("{9A19103F-16F7-4668-BE54-9A1E7A4F7556}") = "Pdsr.Http", "src\Pdsr.Http\Pdsr.Http.csproj", "{24BEC48B-4CD2-4507-9782-EE700DE17DE4}"
EndProject
Project("{9A19103F-16F7-4668-BE54-9A1E7A4F7556}") = "Pdsr.Http.Extensions", "src\Pdsr.Http.Extensions\Pdsr.Http.Extensions.csproj", "{0AE69631-0D06-4894-A57A-FE3358F1D37D}"
EndProject
Global
	GlobalSection(SolutionConfigurationPlatforms) = preSolution
		Debug|Any CPU = Debug|Any CPU
		Release|Any CPU = Release|Any CPU
	EndGlobalSection
	GlobalSection(ProjectConfigurationPlatforms) = postSolution
		{24BEC48B-4CD2-4507-9782-EE700DE17DE4}.Debug|Any CPU.ActiveCfg = Debug|Any CPU
		{24BEC48B-4CD2-4507-9782-EE700DE17DE4}.Debug|Any CPU.Build.0 = Debug|Any CPU
		{24BEC48B-4CD2-4507-9782-EE700DE17DE4}.Release|Any CPU.ActiveCfg = Release|Any CPU
		{24BEC48B-4CD2-4507-9782-EE700DE17DE4}.Release|Any CPU.Build.0 = Release|Any CPU
		{0AE69631-0D06-4894-A57A-FE3358F1D37D}.Debug|Any CPU.ActiveCfg = Debug|Any CPU
		{0AE69631-0D06-4894-A57A-FE3358F1D37D}.Debug|Any CPU.Build.0 = Debug|Any CPU
		{0AE69631-0D06-4894-A57A-FE3358F1D37D}.Release|Any CPU.ActiveCfg = Release|Any CPU
		{0AE69631-0D06-4894-A57A-FE3358F1D37D}.Release|Any CPU.Build.0 = Release|Any CPU
	EndGlobalSection
	GlobalSection(SolutionProperties) = preSolution
		HideSolutionNode = FALSE
	EndGlobalSection
	GlobalSection(ExtensibilityGlobals) = postSolution
		SolutionGuid = {343017FB-209E-43E5-B686-E002351CD1AB}
	EndGlobalSection
EndGlobal
